
Microsoft Visual Studio Solution File, Format Version 12.00
# Visual Studio Version 17
VisualStudioVersion = 17.12.35514.174
MinimumVisualStudioVersion = 10.0.40219.1
Project("{2150E333-8FDC-42A3-9474-1A3956D46DE8}") = "DockerCompose", "DockerCompose", "{095C3516-95FB-4053-AF5E-28340FAB691C}"
	ProjectSection(SolutionItems) = preProject
		docker-compose.yml = docker-compose.yml
	EndProjectSection
EndProject
Project("{2150E333-8FDC-42A3-9474-1A3956D46DE8}") = "API", "API", "{C1DEEA14-0243-42B6-BE4B-13B0EAF81193}"
EndProject
Project("{FAE04EC0-301F-11D3-BF4B-00C04F79EFBC}") = "ElasticSearchWithNet.API", "API\ElasticSearchWithNet.API\ElasticSearchWithNet.API.csproj", "{16D6131F-A5C7-44E7-B822-4B58D88BECF8}"
EndProject
Project("{2150E333-8FDC-42A3-9474-1A3956D46DE8}") = "MVC", "MVC", "{B15CDA73-3BAD-45EC-8DFB-8E2AADB8FCC9}"
EndProject
Project("{FAE04EC0-301F-11D3-BF4B-00C04F79EFBC}") = "ElasticSearch.Web", "MVC\ElasticSearch.Web\ElasticSearch.Web.csproj", "{51960F95-7FB9-4472-8BDE-1AC848C5D15B}"
EndProject
Global
	GlobalSection(SolutionConfigurationPlatforms) = preSolution
		Debug|Any CPU = Debug|Any CPU
		Release|Any CPU = Release|Any CPU
	EndGlobalSection
	GlobalSection(ProjectConfigurationPlatforms) = postSolution
		{16D6131F-A5C7-44E7-B822-4B58D88BECF8}.Debug|Any CPU.ActiveCfg = Debug|Any CPU
		{16D6131F-A5C7-44E7-B822-4B58D88BECF8}.Debug|Any CPU.Build.0 = Debug|Any CPU
		{16D6131F-A5C7-44E7-B822-4B58D88BECF8}.Release|Any CPU.ActiveCfg = Release|Any CPU
		{16D6131F-A5C7-44E7-B822-4B58D88BECF8}.Release|Any CPU.Build.0 = Release|Any CPU
		{51960F95-7FB9-4472-8BDE-1AC848C5D15B}.Debug|Any CPU.ActiveCfg = Debug|Any CPU
		{51960F95-7FB9-4472-8BDE-1AC848C5D15B}.Debug|Any CPU.Build.0 = Debug|Any CPU
		{51960F95-7FB9-4472-8BDE-1AC848C5D15B}.Release|Any CPU.ActiveCfg = Release|Any CPU
		{51960F95-7FB9-4472-8BDE-1AC848C5D15B}.Release|Any CPU.Build.0 = Release|Any CPU
	EndGlobalSection
	GlobalSection(SolutionProperties) = preSolution
		HideSolutionNode = FALSE
	EndGlobalSection
	GlobalSection(NestedProjects) = preSolution
		{16D6131F-A5C7-44E7-B822-4B58D88BECF8} = {C1DEEA14-0243-42B6-BE4B-13B0EAF81193}
		{51960F95-7FB9-4472-8BDE-1AC848C5D15B} = {B15CDA73-3BAD-45EC-8DFB-8E2AADB8FCC9}
	EndGlobalSection
EndGlobal
